// !$*UTF8*$!
{
	archiveVersion = 1;
	classes = {
	};
	objectVersion = 56;
	objects = {

/* Begin PBXBuildFile section */
		41EF87802BEF97B2002EB7A7 /* taskmanApp.swift in Sources */ = {isa = PBXBuildFile; fileRef = 41EF877F2BEF97B2002EB7A7 /* taskmanApp.swift */; };
		41EF87822BEF97B2002EB7A7 /* ContentView.swift in Sources */ = {isa = PBXBuildFile; fileRef = 41EF87812BEF97B2002EB7A7 /* ContentView.swift */; };
		41EF87842BEF97B4002EB7A7 /* Assets.xcassets in Resources */ = {isa = PBXBuildFile; fileRef = 41EF87832BEF97B4002EB7A7 /* Assets.xcassets */; };
		41EF87872BEF97B4002EB7A7 /* Preview Assets.xcassets in Resources */ = {isa = PBXBuildFile; fileRef = 41EF87862BEF97B4002EB7A7 /* Preview Assets.xcassets */; };
		41EF87922BEF97B4002EB7A7 /* taskmanTests.swift in Sources */ = {isa = PBXBuildFile; fileRef = 41EF87912BEF97B4002EB7A7 /* taskmanTests.swift */; };
		41EF879C2BEF97B4002EB7A7 /* taskmanUITests.swift in Sources */ = {isa = PBXBuildFile; fileRef = 41EF879B2BEF97B4002EB7A7 /* taskmanUITests.swift */; };
		41EF879E2BEF97B4002EB7A7 /* taskmanUITestsLaunchTests.swift in Sources */ = {isa = PBXBuildFile; fileRef = 41EF879D2BEF97B4002EB7A7 /* taskmanUITestsLaunchTests.swift */; };
		41EF87AC2BEF9884002EB7A7 /* Task.swift in Sources */ = {isa = PBXBuildFile; fileRef = 41EF87AB2BEF9884002EB7A7 /* Task.swift */; };
		41EF87AE2BEFE998002EB7A7 /* TaskGroup.swift in Sources */ = {isa = PBXBuildFile; fileRef = 41EF87AD2BEFE998002EB7A7 /* TaskGroup.swift */; };
		41EF87B02BEFEC2F002EB7A7 /* TaskSection.swift in Sources */ = {isa = PBXBuildFile; fileRef = 41EF87AF2BEFEC2F002EB7A7 /* TaskSection.swift */; };
		41EF87B42BEFF22A002EB7A7 /* StaticTaskListView.swift in Sources */ = {isa = PBXBuildFile; fileRef = 41EF87B32BEFF22A002EB7A7 /* StaticTaskListView.swift */; };
		41EF87B82BF00915002EB7A7 /* SidebarView.swift in Sources */ = {isa = PBXBuildFile; fileRef = 41EF87B72BF00915002EB7A7 /* SidebarView.swift */; };
		41EF87BA2BF07E77002EB7A7 /* TaskListView.swift in Sources */ = {isa = PBXBuildFile; fileRef = 41EF87B92BF07E77002EB7A7 /* TaskListView.swift */; };
		41EF87BC2BF080CE002EB7A7 /* TaskView.swift in Sources */ = {isa = PBXBuildFile; fileRef = 41EF87BB2BF080CE002EB7A7 /* TaskView.swift */; };
/* End PBXBuildFile section */

/* Begin PBXContainerItemProxy section */
		41EF878E2BEF97B4002EB7A7 /* PBXContainerItemProxy */ = {
			isa = PBXContainerItemProxy;
			containerPortal = 41EF87742BEF97B2002EB7A7 /* Project object */;
			proxyType = 1;
			remoteGlobalIDString = 41EF877B2BEF97B2002EB7A7;
			remoteInfo = taskman;
		};
		41EF87982BEF97B4002EB7A7 /* PBXContainerItemProxy */ = {
			isa = PBXContainerItemProxy;
			containerPortal = 41EF87742BEF97B2002EB7A7 /* Project object */;
			proxyType = 1;
			remoteGlobalIDString = 41EF877B2BEF97B2002EB7A7;
			remoteInfo = taskman;
		};
/* End PBXContainerItemProxy section */

/* Begin PBXFileReference section */
		41EF877C2BEF97B2002EB7A7 /* taskman.app */ = {isa = PBXFileReference; explicitFileType = wrapper.application; includeInIndex = 0; path = taskman.app; sourceTree = BUILT_PRODUCTS_DIR; };
		41EF877F2BEF97B2002EB7A7 /* taskmanApp.swift */ = {isa = PBXFileReference; lastKnownFileType = sourcecode.swift; path = taskmanApp.swift; sourceTree = "<group>"; };
		41EF87812BEF97B2002EB7A7 /* ContentView.swift */ = {isa = PBXFileReference; lastKnownFileType = sourcecode.swift; path = ContentView.swift; sourceTree = "<group>"; };
		41EF87832BEF97B4002EB7A7 /* Assets.xcassets */ = {isa = PBXFileReference; lastKnownFileType = folder.assetcatalog; path = Assets.xcassets; sourceTree = "<group>"; };
		41EF87862BEF97B4002EB7A7 /* Preview Assets.xcassets */ = {isa = PBXFileReference; lastKnownFileType = folder.assetcatalog; path = "Preview Assets.xcassets"; sourceTree = "<group>"; };
		41EF87882BEF97B4002EB7A7 /* taskman.entitlements */ = {isa = PBXFileReference; lastKnownFileType = text.plist.entitlements; path = taskman.entitlements; sourceTree = "<group>"; };
		41EF878D2BEF97B4002EB7A7 /* taskmanTests.xctest */ = {isa = PBXFileReference; explicitFileType = wrapper.cfbundle; includeInIndex = 0; path = taskmanTests.xctest; sourceTree = BUILT_PRODUCTS_DIR; };
		41EF87912BEF97B4002EB7A7 /* taskmanTests.swift */ = {isa = PBXFileReference; lastKnownFileType = sourcecode.swift; path = taskmanTests.swift; sourceTree = "<group>"; };
		41EF87972BEF97B4002EB7A7 /* taskmanUITests.xctest */ = {isa = PBXFileReference; explicitFileType = wrapper.cfbundle; includeInIndex = 0; path = taskmanUITests.xctest; sourceTree = BUILT_PRODUCTS_DIR; };
		41EF879B2BEF97B4002EB7A7 /* taskmanUITests.swift */ = {isa = PBXFileReference; lastKnownFileType = sourcecode.swift; path = taskmanUITests.swift; sourceTree = "<group>"; };
		41EF879D2BEF97B4002EB7A7 /* taskmanUITestsLaunchTests.swift */ = {isa = PBXFileReference; lastKnownFileType = sourcecode.swift; path = taskmanUITestsLaunchTests.swift; sourceTree = "<group>"; };
		41EF87AB2BEF9884002EB7A7 /* Task.swift */ = {isa = PBXFileReference; lastKnownFileType = sourcecode.swift; path = Task.swift; sourceTree = "<group>"; };
		41EF87AD2BEFE998002EB7A7 /* TaskGroup.swift */ = {isa = PBXFileReference; lastKnownFileType = sourcecode.swift; path = TaskGroup.swift; sourceTree = "<group>"; };
		41EF87AF2BEFEC2F002EB7A7 /* TaskSection.swift */ = {isa = PBXFileReference; lastKnownFileType = sourcecode.swift; path = TaskSection.swift; sourceTree = "<group>"; };
		41EF87B32BEFF22A002EB7A7 /* StaticTaskListView.swift */ = {isa = PBXFileReference; lastKnownFileType = sourcecode.swift; path = StaticTaskListView.swift; sourceTree = "<group>"; };
		41EF87B72BF00915002EB7A7 /* SidebarView.swift */ = {isa = PBXFileReference; lastKnownFileType = sourcecode.swift; path = SidebarView.swift; sourceTree = "<group>"; };
		41EF87B92BF07E77002EB7A7 /* TaskListView.swift */ = {isa = PBXFileReference; lastKnownFileType = sourcecode.swift; path = TaskListView.swift; sourceTree = "<group>"; };
		41EF87BB2BF080CE002EB7A7 /* TaskView.swift */ = {isa = PBXFileReference; lastKnownFileType = sourcecode.swift; path = TaskView.swift; sourceTree = "<group>"; };
/* End PBXFileReference section */

/* Begin PBXFrameworksBuildPhase section */
		41EF87792BEF97B2002EB7A7 /* Frameworks */ = {
			isa = PBXFrameworksBuildPhase;
			buildActionMask = 2147483647;
			files = (
			);
			runOnlyForDeploymentPostprocessing = 0;
		};
		41EF878A2BEF97B4002EB7A7 /* Frameworks */ = {
			isa = PBXFrameworksBuildPhase;
			buildActionMask = 2147483647;
			files = (
			);
			runOnlyForDeploymentPostprocessing = 0;
		};
		41EF87942BEF97B4002EB7A7 /* Frameworks */ = {
			isa = PBXFrameworksBuildPhase;
			buildActionMask = 2147483647;
			files = (
			);
			runOnlyForDeploymentPostprocessing = 0;
		};
/* End PBXFrameworksBuildPhase section */

/* Begin PBXGroup section */
		41EF87732BEF97B2002EB7A7 = {
			isa = PBXGroup;
			children = (
				41EF877E2BEF97B2002EB7A7 /* taskman */,
				41EF87902BEF97B4002EB7A7 /* taskmanTests */,
				41EF879A2BEF97B4002EB7A7 /* taskmanUITests */,
				41EF877D2BEF97B2002EB7A7 /* Products */,
			);
			sourceTree = "<group>";
		};
		41EF877D2BEF97B2002EB7A7 /* Products */ = {
			isa = PBXGroup;
			children = (
				41EF877C2BEF97B2002EB7A7 /* taskman.app */,
				41EF878D2BEF97B4002EB7A7 /* taskmanTests.xctest */,
				41EF87972BEF97B4002EB7A7 /* taskmanUITests.xctest */,
			);
			name = Products;
			sourceTree = "<group>";
		};
		41EF877E2BEF97B2002EB7A7 /* taskman */ = {
			isa = PBXGroup;
			children = (
				41EF877F2BEF97B2002EB7A7 /* taskmanApp.swift */,
				41EF87AA2BEF985C002EB7A7 /* Model */,
				41EF87812BEF97B2002EB7A7 /* ContentView.swift */,
				41EF87832BEF97B4002EB7A7 /* Assets.xcassets */,
				41EF87882BEF97B4002EB7A7 /* taskman.entitlements */,
				41EF87852BEF97B4002EB7A7 /* Preview Content */,
				41EF87B32BEFF22A002EB7A7 /* StaticTaskListView.swift */,
				41EF87B92BF07E77002EB7A7 /* TaskListView.swift */,
				41EF87BB2BF080CE002EB7A7 /* TaskView.swift */,
				41EF87B72BF00915002EB7A7 /* SidebarView.swift */,
			);
			path = taskman;
			sourceTree = "<group>";
		};
		41EF87852BEF97B4002EB7A7 /* Preview Content */ = {
			isa = PBXGroup;
			children = (
				41EF87862BEF97B4002EB7A7 /* Preview Assets.xcassets */,
			);
			path = "Preview Content";
			sourceTree = "<group>";
		};
		41EF87902BEF97B4002EB7A7 /* taskmanTests */ = {
			isa = PBXGroup;
			children = (
				41EF87912BEF97B4002EB7A7 /* taskmanTests.swift */,
			);
			path = taskmanTests;
			sourceTree = "<group>";
		};
		41EF879A2BEF97B4002EB7A7 /* taskmanUITests */ = {
			isa = PBXGroup;
			children = (
				41EF879B2BEF97B4002EB7A7 /* taskmanUITests.swift */,
				41EF879D2BEF97B4002EB7A7 /* taskmanUITestsLaunchTests.swift */,
			);
			path = taskmanUITests;
			sourceTree = "<group>";
		};
		41EF87AA2BEF985C002EB7A7 /* Model */ = {
			isa = PBXGroup;
			children = (
				41EF87AB2BEF9884002EB7A7 /* Task.swift */,
				41EF87AD2BEFE998002EB7A7 /* TaskGroup.swift */,
				41EF87AF2BEFEC2F002EB7A7 /* TaskSection.swift */,
			);
			path = Model;
			sourceTree = "<group>";
		};
/* End PBXGroup section */

/* Begin PBXNativeTarget section */
		41EF877B2BEF97B2002EB7A7 /* taskman */ = {
			isa = PBXNativeTarget;
			buildConfigurationList = 41EF87A12BEF97B4002EB7A7 /* Build configuration list for PBXNativeTarget "taskman" */;
			buildPhases = (
				41EF87782BEF97B2002EB7A7 /* Sources */,
				41EF87792BEF97B2002EB7A7 /* Frameworks */,
				41EF877A2BEF97B2002EB7A7 /* Resources */,
			);
			buildRules = (
			);
			dependencies = (
			);
			name = taskman;
			productName = taskman;
			productReference = 41EF877C2BEF97B2002EB7A7 /* taskman.app */;
			productType = "com.apple.product-type.application";
		};
		41EF878C2BEF97B4002EB7A7 /* taskmanTests */ = {
			isa = PBXNativeTarget;
			buildConfigurationList = 41EF87A42BEF97B4002EB7A7 /* Build configuration list for PBXNativeTarget "taskmanTests" */;
			buildPhases = (
				41EF87892BEF97B4002EB7A7 /* Sources */,
				41EF878A2BEF97B4002EB7A7 /* Frameworks */,
				41EF878B2BEF97B4002EB7A7 /* Resources */,
			);
			buildRules = (
			);
			dependencies = (
				41EF878F2BEF97B4002EB7A7 /* PBXTargetDependency */,
			);
			name = taskmanTests;
			productName = taskmanTests;
			productReference = 41EF878D2BEF97B4002EB7A7 /* taskmanTests.xctest */;
			productType = "com.apple.product-type.bundle.unit-test";
		};
		41EF87962BEF97B4002EB7A7 /* taskmanUITests */ = {
			isa = PBXNativeTarget;
			buildConfigurationList = 41EF87A72BEF97B4002EB7A7 /* Build configuration list for PBXNativeTarget "taskmanUITests" */;
			buildPhases = (
				41EF87932BEF97B4002EB7A7 /* Sources */,
				41EF87942BEF97B4002EB7A7 /* Frameworks */,
				41EF87952BEF97B4002EB7A7 /* Resources */,
			);
			buildRules = (
			);
			dependencies = (
				41EF87992BEF97B4002EB7A7 /* PBXTargetDependency */,
			);
			name = taskmanUITests;
			productName = taskmanUITests;
			productReference = 41EF87972BEF97B4002EB7A7 /* taskmanUITests.xctest */;
			productType = "com.apple.product-type.bundle.ui-testing";
		};
/* End PBXNativeTarget section */

/* Begin PBXProject section */
		41EF87742BEF97B2002EB7A7 /* Project object */ = {
			isa = PBXProject;
			attributes = {
				BuildIndependentTargetsInParallel = 1;
				LastSwiftUpdateCheck = 1530;
				LastUpgradeCheck = 1530;
				TargetAttributes = {
					41EF877B2BEF97B2002EB7A7 = {
						CreatedOnToolsVersion = 15.3;
					};
					41EF878C2BEF97B4002EB7A7 = {
						CreatedOnToolsVersion = 15.3;
						TestTargetID = 41EF877B2BEF97B2002EB7A7;
					};
					41EF87962BEF97B4002EB7A7 = {
						CreatedOnToolsVersion = 15.3;
						TestTargetID = 41EF877B2BEF97B2002EB7A7;
					};
				};
			};
			buildConfigurationList = 41EF87772BEF97B2002EB7A7 /* Build configuration list for PBXProject "taskman" */;
			compatibilityVersion = "Xcode 14.0";
			developmentRegion = en;
			hasScannedForEncodings = 0;
			knownRegions = (
				en,
				Base,
			);
			mainGroup = 41EF87732BEF97B2002EB7A7;
			productRefGroup = 41EF877D2BEF97B2002EB7A7 /* Products */;
			projectDirPath = "";
			projectRoot = "";
			targets = (
				41EF877B2BEF97B2002EB7A7 /* taskman */,
				41EF878C2BEF97B4002EB7A7 /* taskmanTests */,
				41EF87962BEF97B4002EB7A7 /* taskmanUITests */,
			);
		};
/* End PBXProject section */

/* Begin PBXResourcesBuildPhase section */
		41EF877A2BEF97B2002EB7A7 /* Resources */ = {
			isa = PBXResourcesBuildPhase;
			buildActionMask = 2147483647;
			files = (
				41EF87872BEF97B4002EB7A7 /* Preview Assets.xcassets in Resources */,
				41EF87842BEF97B4002EB7A7 /* Assets.xcassets in Resources */,
			);
			runOnlyForDeploymentPostprocessing = 0;
		};
		41EF878B2BEF97B4002EB7A7 /* Resources */ = {
			isa = PBXResourcesBuildPhase;
			buildActionMask = 2147483647;
			files = (
			);
			runOnlyForDeploymentPostprocessing = 0;
		};
		41EF87952BEF97B4002EB7A7 /* Resources */ = {
			isa = PBXResourcesBuildPhase;
			buildActionMask = 2147483647;
			files = (
			);
			runOnlyForDeploymentPostprocessing = 0;
		};
/* End PBXResourcesBuildPhase section */

/* Begin PBXSourcesBuildPhase section */
		41EF87782BEF97B2002EB7A7 /* Sources */ = {
			isa = PBXSourcesBuildPhase;
			buildActionMask = 2147483647;
			files = (
				41EF87BC2BF080CE002EB7A7 /* TaskView.swift in Sources */,
				41EF87B42BEFF22A002EB7A7 /* StaticTaskListView.swift in Sources */,
				41EF87B82BF00915002EB7A7 /* SidebarView.swift in Sources */,
				41EF87822BEF97B2002EB7A7 /* ContentView.swift in Sources */,
				41EF87AC2BEF9884002EB7A7 /* Task.swift in Sources */,
				41EF87B02BEFEC2F002EB7A7 /* TaskSection.swift in Sources */,
				41EF87AE2BEFE998002EB7A7 /* TaskGroup.swift in Sources */,
				41EF87802BEF97B2002EB7A7 /* taskmanApp.swift in Sources */,
				41EF87BA2BF07E77002EB7A7 /* TaskListView.swift in Sources */,
			);
			runOnlyForDeploymentPostprocessing = 0;
		};
		41EF87892BEF97B4002EB7A7 /* Sources */ = {
			isa = PBXSourcesBuildPhase;
			buildActionMask = 2147483647;
			files = (
				41EF87922BEF97B4002EB7A7 /* taskmanTests.swift in Sources */,
			);
			runOnlyForDeploymentPostprocessing = 0;
		};
		41EF87932BEF97B4002EB7A7 /* Sources */ = {
			isa = PBXSourcesBuildPhase;
			buildActionMask = 2147483647;
			files = (
				41EF879E2BEF97B4002EB7A7 /* taskmanUITestsLaunchTests.swift in Sources */,
				41EF879C2BEF97B4002EB7A7 /* taskmanUITests.swift in Sources */,
			);
			runOnlyForDeploymentPostprocessing = 0;
		};
/* End PBXSourcesBuildPhase section */

/* Begin PBXTargetDependency section */
		41EF878F2BEF97B4002EB7A7 /* PBXTargetDependency */ = {
			isa = PBXTargetDependency;
			target = 41EF877B2BEF97B2002EB7A7 /* taskman */;
			targetProxy = 41EF878E2BEF97B4002EB7A7 /* PBXContainerItemProxy */;
		};
		41EF87992BEF97B4002EB7A7 /* PBXTargetDependency */ = {
			isa = PBXTargetDependency;
			target = 41EF877B2BEF97B2002EB7A7 /* taskman */;
			targetProxy = 41EF87982BEF97B4002EB7A7 /* PBXContainerItemProxy */;
		};
/* End PBXTargetDependency section */

/* Begin XCBuildConfiguration section */
		41EF879F2BEF97B4002EB7A7 /* Debug */ = {
			isa = XCBuildConfiguration;
			buildSettings = {
				ALWAYS_SEARCH_USER_PATHS = NO;
				ASSETCATALOG_COMPILER_GENERATE_SWIFT_ASSET_SYMBOL_EXTENSIONS = YES;
				CLANG_ANALYZER_NONNULL = YES;
				CLANG_ANALYZER_NUMBER_OBJECT_CONVERSION = YES_AGGRESSIVE;
				CLANG_CXX_LANGUAGE_STANDARD = "gnu++20";
				CLANG_ENABLE_MODULES = YES;
				CLANG_ENABLE_OBJC_ARC = YES;
				CLANG_ENABLE_OBJC_WEAK = YES;
				CLANG_WARN_BLOCK_CAPTURE_AUTORELEASING = YES;
				CLANG_WARN_BOOL_CONVERSION = YES;
				CLANG_WARN_COMMA = YES;
				CLANG_WARN_CONSTANT_CONVERSION = YES;
				CLANG_WARN_DEPRECATED_OBJC_IMPLEMENTATIONS = YES;
				CLANG_WARN_DIRECT_OBJC_ISA_USAGE = YES_ERROR;
				CLANG_WARN_DOCUMENTATION_COMMENTS = YES;
				CLANG_WARN_EMPTY_BODY = YES;
				CLANG_WARN_ENUM_CONVERSION = YES;
				CLANG_WARN_INFINITE_RECURSION = YES;
				CLANG_WARN_INT_CONVERSION = YES;
				CLANG_WARN_NON_LITERAL_NULL_CONVERSION = YES;
				CLANG_WARN_OBJC_IMPLICIT_RETAIN_SELF = YES;
				CLANG_WARN_OBJC_LITERAL_CONVERSION = YES;
				CLANG_WARN_OBJC_ROOT_CLASS = YES_ERROR;
				CLANG_WARN_QUOTED_INCLUDE_IN_FRAMEWORK_HEADER = YES;
				CLANG_WARN_RANGE_LOOP_ANALYSIS = YES;
				CLANG_WARN_STRICT_PROTOTYPES = YES;
				CLANG_WARN_SUSPICIOUS_MOVE = YES;
				CLANG_WARN_UNGUARDED_AVAILABILITY = YES_AGGRESSIVE;
				CLANG_WARN_UNREACHABLE_CODE = YES;
				CLANG_WARN__DUPLICATE_METHOD_MATCH = YES;
				COPY_PHASE_STRIP = NO;
				DEBUG_INFORMATION_FORMAT = dwarf;
				ENABLE_STRICT_OBJC_MSGSEND = YES;
				ENABLE_TESTABILITY = YES;
				ENABLE_USER_SCRIPT_SANDBOXING = YES;
				GCC_C_LANGUAGE_STANDARD = gnu17;
				GCC_DYNAMIC_NO_PIC = NO;
				GCC_NO_COMMON_BLOCKS = YES;
				GCC_OPTIMIZATION_LEVEL = 0;
				GCC_PREPROCESSOR_DEFINITIONS = (
					"DEBUG=1",
					"$(inherited)",
				);
				GCC_WARN_64_TO_32_BIT_CONVERSION = YES;
				GCC_WARN_ABOUT_RETURN_TYPE = YES_ERROR;
				GCC_WARN_UNDECLARED_SELECTOR = YES;
				GCC_WARN_UNINITIALIZED_AUTOS = YES_AGGRESSIVE;
				GCC_WARN_UNUSED_FUNCTION = YES;
				GCC_WARN_UNUSED_VARIABLE = YES;
				LOCALIZATION_PREFERS_STRING_CATALOGS = YES;
				MACOSX_DEPLOYMENT_TARGET = 14.0;
				MTL_ENABLE_DEBUG_INFO = INCLUDE_SOURCE;
				MTL_FAST_MATH = YES;
				ONLY_ACTIVE_ARCH = YES;
				SDKROOT = macosx;
				SWIFT_ACTIVE_COMPILATION_CONDITIONS = "DEBUG $(inherited)";
				SWIFT_OPTIMIZATION_LEVEL = "-Onone";
			};
			name = Debug;
		};
		41EF87A02BEF97B4002EB7A7 /* Release */ = {
			isa = XCBuildConfiguration;
			buildSettings = {
				ALWAYS_SEARCH_USER_PATHS = NO;
				ASSETCATALOG_COMPILER_GENERATE_SWIFT_ASSET_SYMBOL_EXTENSIONS = YES;
				CLANG_ANALYZER_NONNULL = YES;
				CLANG_ANALYZER_NUMBER_OBJECT_CONVERSION = YES_AGGRESSIVE;
				CLANG_CXX_LANGUAGE_STANDARD = "gnu++20";
				CLANG_ENABLE_MODULES = YES;
				CLANG_ENABLE_OBJC_ARC = YES;
				CLANG_ENABLE_OBJC_WEAK = YES;
				CLANG_WARN_BLOCK_CAPTURE_AUTORELEASING = YES;
				CLANG_WARN_BOOL_CONVERSION = YES;
				CLANG_WARN_COMMA = YES;
				CLANG_WARN_CONSTANT_CONVERSION = YES;
				CLANG_WARN_DEPRECATED_OBJC_IMPLEMENTATIONS = YES;
				CLANG_WARN_DIRECT_OBJC_ISA_USAGE = YES_ERROR;
				CLANG_WARN_DOCUMENTATION_COMMENTS = YES;
				CLANG_WARN_EMPTY_BODY = YES;
				CLANG_WARN_ENUM_CONVERSION = YES;
				CLANG_WARN_INFINITE_RECURSION = YES;
				CLANG_WARN_INT_CONVERSION = YES;
				CLANG_WARN_NON_LITERAL_NULL_CONVERSION = YES;
				CLANG_WARN_OBJC_IMPLICIT_RETAIN_SELF = YES;
				CLANG_WARN_OBJC_LITERAL_CONVERSION = YES;
				CLANG_WARN_OBJC_ROOT_CLASS = YES_ERROR;
				CLANG_WARN_QUOTED_INCLUDE_IN_FRAMEWORK_HEADER = YES;
				CLANG_WARN_RANGE_LOOP_ANALYSIS = YES;
				CLANG_WARN_STRICT_PROTOTYPES = YES;
				CLANG_WARN_SUSPICIOUS_MOVE = YES;
				CLANG_WARN_UNGUARDED_AVAILABILITY = YES_AGGRESSIVE;
				CLANG_WARN_UNREACHABLE_CODE = YES;
				CLANG_WARN__DUPLICATE_METHOD_MATCH = YES;
				COPY_PHASE_STRIP = NO;
				DEBUG_INFORMATION_FORMAT = "dwarf-with-dsym";
				ENABLE_NS_ASSERTIONS = NO;
				ENABLE_STRICT_OBJC_MSGSEND = YES;
				ENABLE_USER_SCRIPT_SANDBOXING = YES;
				GCC_C_LANGUAGE_STANDARD = gnu17;
				GCC_NO_COMMON_BLOCKS = YES;
				GCC_WARN_64_TO_32_BIT_CONVERSION = YES;
				GCC_WARN_ABOUT_RETURN_TYPE = YES_ERROR;
				GCC_WARN_UNDECLARED_SELECTOR = YES;
				GCC_WARN_UNINITIALIZED_AUTOS = YES_AGGRESSIVE;
				GCC_WARN_UNUSED_FUNCTION = YES;
				GCC_WARN_UNUSED_VARIABLE = YES;
				LOCALIZATION_PREFERS_STRING_CATALOGS = YES;
				MACOSX_DEPLOYMENT_TARGET = 14.0;
				MTL_ENABLE_DEBUG_INFO = NO;
				MTL_FAST_MATH = YES;
				SDKROOT = macosx;
				SWIFT_COMPILATION_MODE = wholemodule;
			};
			name = Release;
		};
		41EF87A22BEF97B4002EB7A7 /* Debug */ = {
			isa = XCBuildConfiguration;
			buildSettings = {
				ASSETCATALOG_COMPILER_APPICON_NAME = AppIcon;
				ASSETCATALOG_COMPILER_GLOBAL_ACCENT_COLOR_NAME = AccentColor;
				CODE_SIGN_ENTITLEMENTS = taskman/taskman.entitlements;
				CODE_SIGN_STYLE = Automatic;
				COMBINE_HIDPI_IMAGES = YES;
				CURRENT_PROJECT_VERSION = 1;
				DEVELOPMENT_ASSET_PATHS = "\"taskman/Preview Content\"";
				DEVELOPMENT_TEAM = LNV3W5XCQ6;
				ENABLE_HARDENED_RUNTIME = YES;
				"ENABLE_HARDENED_RUNTIME[sdk=macosx*]" = YES;
				ENABLE_PREVIEWS = YES;
				GENERATE_INFOPLIST_FILE = YES;
				INFOPLIST_KEY_NSHumanReadableCopyright = "";
				LD_RUNPATH_SEARCH_PATHS = (
					"$(inherited)",
					"@executable_path/../Frameworks",
				);
				MARKETING_VERSION = 1.0;
				PRODUCT_BUNDLE_IDENTIFIER = com.theadityamali.taskman;
				PRODUCT_NAME = "$(TARGET_NAME)";
				SUPPORTED_PLATFORMS = "iphoneos iphonesimulator macosx";
				SUPPORTS_MACCATALYST = NO;
				SWIFT_EMIT_LOC_STRINGS = YES;
				SWIFT_VERSION = 5.0;
				TARGETED_DEVICE_FAMILY = 1;
			};
			name = Debug;
		};
		41EF87A32BEF97B4002EB7A7 /* Release */ = {
			isa = XCBuildConfiguration;
			buildSettings = {
				ASSETCATALOG_COMPILER_APPICON_NAME = AppIcon;
				ASSETCATALOG_COMPILER_GLOBAL_ACCENT_COLOR_NAME = AccentColor;
				CODE_SIGN_ENTITLEMENTS = taskman/taskman.entitlements;
				CODE_SIGN_STYLE = Automatic;
				COMBINE_HIDPI_IMAGES = YES;
				CURRENT_PROJECT_VERSION = 1;
				DEVELOPMENT_ASSET_PATHS = "\"taskman/Preview Content\"";
				DEVELOPMENT_TEAM = LNV3W5XCQ6;
				ENABLE_HARDENED_RUNTIME = YES;
				"ENABLE_HARDENED_RUNTIME[sdk=macosx*]" = YES;
				ENABLE_PREVIEWS = YES;
				GENERATE_INFOPLIST_FILE = YES;
				INFOPLIST_KEY_NSHumanReadableCopyright = "";
				LD_RUNPATH_SEARCH_PATHS = (
					"$(inherited)",
					"@executable_path/../Frameworks",
				);
				MARKETING_VERSION = 1.0;
				PRODUCT_BUNDLE_IDENTIFIER = com.theadityamali.taskman;
				PRODUCT_NAME = "$(TARGET_NAME)";
				SUPPORTED_PLATFORMS = "iphoneos iphonesimulator macosx";
				SUPPORTS_MACCATALYST = NO;
				SWIFT_EMIT_LOC_STRINGS = YES;
				SWIFT_VERSION = 5.0;
				TARGETED_DEVICE_FAMILY = 1;
			};
			name = Release;
		};
		41EF87A52BEF97B4002EB7A7 /* Debug */ = {
			isa = XCBuildConfiguration;
			buildSettings = {
				ALWAYS_EMBED_SWIFT_STANDARD_LIBRARIES = YES;
				BUNDLE_LOADER = "$(TEST_HOST)";
				CODE_SIGN_STYLE = Automatic;
				CURRENT_PROJECT_VERSION = 1;
				DEVELOPMENT_TEAM = LNV3W5XCQ6;
				GENERATE_INFOPLIST_FILE = YES;
				MACOSX_DEPLOYMENT_TARGET = 14.0;
				MARKETING_VERSION = 1.0;
				PRODUCT_BUNDLE_IDENTIFIER = com.theadityamali.taskmanTests;
				PRODUCT_NAME = "$(TARGET_NAME)";
				SWIFT_EMIT_LOC_STRINGS = NO;
				SWIFT_VERSION = 5.0;
				TEST_HOST = "$(BUILT_PRODUCTS_DIR)/taskman.app/$(BUNDLE_EXECUTABLE_FOLDER_PATH)/taskman";
			};
			name = Debug;
		};
		41EF87A62BEF97B4002EB7A7 /* Release */ = {
			isa = XCBuildConfiguration;
			buildSettings = {
				ALWAYS_EMBED_SWIFT_STANDARD_LIBRARIES = YES;
				BUNDLE_LOADER = "$(TEST_HOST)";
				CODE_SIGN_STYLE = Automatic;
				CURRENT_PROJECT_VERSION = 1;
				DEVELOPMENT_TEAM = LNV3W5XCQ6;
				GENERATE_INFOPLIST_FILE = YES;
				MACOSX_DEPLOYMENT_TARGET = 14.0;
				MARKETING_VERSION = 1.0;
				PRODUCT_BUNDLE_IDENTIFIER = com.theadityamali.taskmanTests;
				PRODUCT_NAME = "$(TARGET_NAME)";
				SWIFT_EMIT_LOC_STRINGS = NO;
				SWIFT_VERSION = 5.0;
				TEST_HOST = "$(BUILT_PRODUCTS_DIR)/taskman.app/$(BUNDLE_EXECUTABLE_FOLDER_PATH)/taskman";
			};
			name = Release;
		};
		41EF87A82BEF97B4002EB7A7 /* Debug */ = {
			isa = XCBuildConfiguration;
			buildSettings = {
				ALWAYS_EMBED_SWIFT_STANDARD_LIBRARIES = YES;
				CODE_SIGN_STYLE = Automatic;
				CURRENT_PROJECT_VERSION = 1;
				DEVELOPMENT_TEAM = LNV3W5XCQ6;
				GENERATE_INFOPLIST_FILE = YES;
				MARKETING_VERSION = 1.0;
				PRODUCT_BUNDLE_IDENTIFIER = com.theadityamali.taskmanUITests;
				PRODUCT_NAME = "$(TARGET_NAME)";
				SWIFT_EMIT_LOC_STRINGS = NO;
				SWIFT_VERSION = 5.0;
				TEST_TARGET_NAME = taskman;
			};
			name = Debug;
		};
		41EF87A92BEF97B4002EB7A7 /* Release */ = {
			isa = XCBuildConfiguration;
			buildSettings = {
				ALWAYS_EMBED_SWIFT_STANDARD_LIBRARIES = YES;
				CODE_SIGN_STYLE = Automatic;
				CURRENT_PROJECT_VERSION = 1;
				DEVELOPMENT_TEAM = LNV3W5XCQ6;
				GENERATE_INFOPLIST_FILE = YES;
				MARKETING_VERSION = 1.0;
				PRODUCT_BUNDLE_IDENTIFIER = com.theadityamali.taskmanUITests;
				PRODUCT_NAME = "$(TARGET_NAME)";
				SWIFT_EMIT_LOC_STRINGS = NO;
				SWIFT_VERSION = 5.0;
				TEST_TARGET_NAME = taskman;
			};
			name = Release;
		};
/* End XCBuildConfiguration section */

/* Begin XCConfigurationList section */
		41EF87772BEF97B2002EB7A7 /* Build configuration list for PBXProject "taskman" */ = {
			isa = XCConfigurationList;
			buildConfigurations = (
				41EF879F2BEF97B4002EB7A7 /* Debug */,
				41EF87A02BEF97B4002EB7A7 /* Release */,
			);
			defaultConfigurationIsVisible = 0;
			defaultConfigurationName = Release;
		};
		41EF87A12BEF97B4002EB7A7 /* Build configuration list for PBXNativeTarget "taskman" */ = {
			isa = XCConfigurationList;
			buildConfigurations = (
				41EF87A22BEF97B4002EB7A7 /* Debug */,
				41EF87A32BEF97B4002EB7A7 /* Release */,
			);
			defaultConfigurationIsVisible = 0;
			defaultConfigurationName = Release;
		};
		41EF87A42BEF97B4002EB7A7 /* Build configuration list for PBXNativeTarget "taskmanTests" */ = {
			isa = XCConfigurationList;
			buildConfigurations = (
				41EF87A52BEF97B4002EB7A7 /* Debug */,
				41EF87A62BEF97B4002EB7A7 /* Release */,
			);
			defaultConfigurationIsVisible = 0;
			defaultConfigurationName = Release;
		};
		41EF87A72BEF97B4002EB7A7 /* Build configuration list for PBXNativeTarget "taskmanUITests" */ = {
			isa = XCConfigurationList;
			buildConfigurations = (
				41EF87A82BEF97B4002EB7A7 /* Debug */,
				41EF87A92BEF97B4002EB7A7 /* Release */,
			);
			defaultConfigurationIsVisible = 0;
			defaultConfigurationName = Release;
		};
/* End XCConfigurationList section */
	};
	rootObject = 41EF87742BEF97B2002EB7A7 /* Project object */;
}
